
Microsoft Visual Studio Solution File, Format Version 12.00
# Visual Studio Version 17
VisualStudioVersion = 17.0.31919.166
MinimumVisualStudioVersion = 10.0.40219.1
Project("{FAE04EC0-301F-11D3-BF4B-00C04F79EFBC}") = "LamanuDay1Ex4_3", "LamanuDay1Ex4_3.csproj", "{5CE9624A-3E8F-4826-AAFC-C0CA2CECF9BA}"
EndProject
Global
	GlobalSection(SolutionConfigurationPlatforms) = preSolution
		Debug|Any CPU = Debug|Any CPU
		Release|Any CPU = Release|Any CPU
	EndGlobalSection
	GlobalSection(ProjectConfigurationPlatforms) = postSolution
		{5CE9624A-3E8F-4826-AAFC-C0CA2CECF9BA}.Debug|Any CPU.ActiveCfg = Debug|Any CPU
		{5CE9624A-3E8F-4826-AAFC-C0CA2CECF9BA}.Debug|Any CPU.Build.0 = Debug|Any CPU
		{5CE9624A-3E8F-4826-AAFC-C0CA2CECF9BA}.Release|Any CPU.ActiveCfg = Release|Any CPU
		{5CE9624A-3E8F-4826-AAFC-C0CA2CECF9BA}.Release|Any CPU.Build.0 = Release|Any CPU
	EndGlobalSection
	GlobalSection(SolutionProperties) = preSolution
		HideSolutionNode = FALSE
	EndGlobalSection
	GlobalSection(ExtensibilityGlobals) = postSolution
		SolutionGuid = {B2118F04-6699-41AC-B324-D0A9FE873AF2}
	EndGlobalSection
EndGlobal
